
Microsoft Visual Studio Solution File, Format Version 12.00
# Visual Studio Version 17
VisualStudioVersion = 17.7.34024.191
MinimumVisualStudioVersion = 10.0.40219.1
Project("{FAE04EC0-301F-11D3-BF4B-00C04F79EFBC}") = "HW1", "HW1.csproj", "{C171C1BC-59AD-4A5E-8ABE-1087B95B405F}"
EndProject
Global
	GlobalSection(SolutionConfigurationPlatforms) = preSolution
		Debug|Any CPU = Debug|Any CPU
		Release|Any CPU = Release|Any CPU
	EndGlobalSection
	GlobalSection(ProjectConfigurationPlatforms) = postSolution
		{C171C1BC-59AD-4A5E-8ABE-1087B95B405F}.Debug|Any CPU.ActiveCfg = Debug|Any CPU
		{C171C1BC-59AD-4A5E-8ABE-1087B95B405F}.Debug|Any CPU.Build.0 = Debug|Any CPU
		{C171C1BC-59AD-4A5E-8ABE-1087B95B405F}.Release|Any CPU.ActiveCfg = Release|Any CPU
		{C171C1BC-59AD-4A5E-8ABE-1087B95B405F}.Release|Any CPU.Build.0 = Release|Any CPU
	EndGlobalSection
	GlobalSection(SolutionProperties) = preSolution
		HideSolutionNode = FALSE
	EndGlobalSection
	GlobalSection(ExtensibilityGlobals) = postSolution
		SolutionGuid = {4AA11C16-2E14-45B8-A16E-C43D4542CDD6}
	EndGlobalSection
EndGlobal
